
Microsoft Visual Studio Solution File, Format Version 12.00
# Visual Studio 14
VisualStudioVersion = 14.0.25420.1
MinimumVisualStudioVersion = 10.0.40219.1
Project("{FAE04EC0-301F-11D3-BF4B-00C04F79EFBC}") = "DragonFrontDb", "DragonFrontDb.csproj", "{3CA24C15-163C-4C43-B5B9-10F0F6B080CC}"
EndProject
Project("{FAE04EC0-301F-11D3-BF4B-00C04F79EFBC}") = "DragonFrontDb.Tests", "DragonFrontDb.Tests\DragonFrontDb.Tests.csproj", "{1C4CD15A-4363-4171-A196-B9C82B20CC1E}"
EndProject
Global
	GlobalSection(SolutionConfigurationPlatforms) = preSolution
		Debug|Any CPU = Debug|Any CPU
		Release|Any CPU = Release|Any CPU
	EndGlobalSection
	GlobalSection(ProjectConfigurationPlatforms) = postSolution
		{3CA24C15-163C-4C43-B5B9-10F0F6B080CC}.Debug|Any CPU.ActiveCfg = Debug|Any CPU
		{3CA24C15-163C-4C43-B5B9-10F0F6B080CC}.Debug|Any CPU.Build.0 = Debug|Any CPU
		{3CA24C15-163C-4C43-B5B9-10F0F6B080CC}.Release|Any CPU.ActiveCfg = Release|Any CPU
		{3CA24C15-163C-4C43-B5B9-10F0F6B080CC}.Release|Any CPU.Build.0 = Release|Any CPU
		{1C4CD15A-4363-4171-A196-B9C82B20CC1E}.Debug|Any CPU.ActiveCfg = Debug|Any CPU
		{1C4CD15A-4363-4171-A196-B9C82B20CC1E}.Debug|Any CPU.Build.0 = Debug|Any CPU
		{1C4CD15A-4363-4171-A196-B9C82B20CC1E}.Release|Any CPU.ActiveCfg = Release|Any CPU
		{1C4CD15A-4363-4171-A196-B9C82B20CC1E}.Release|Any CPU.Build.0 = Release|Any CPU
	EndGlobalSection
	GlobalSection(SolutionProperties) = preSolution
		HideSolutionNode = FALSE
	EndGlobalSection
	GlobalSection(MonoDevelopProperties) = preSolution
		version = 2.2.0.6
	EndGlobalSection
EndGlobal
